# This file is automatically @generated by Cargo.
# It is not intended for manual editing.
version = 4

[[package]]
name = "arachne"
version = "0.1.0"

[[package]]
name = "sheshat"
version = "0.1.0"
dependencies = [
 "sheshat-derive",
]

[[package]]
name = "sheshat-derive"
version = "0.1.0"

[[package]]
name = "vishvakarma"
version = "0.1.0"
dependencies = [
 "arachne",
 "sheshat",
]
